
Microsoft Visual Studio Solution File, Format Version 12.00
# Visual Studio Version 17
VisualStudioVersion = 17.14.36429.23
MinimumVisualStudioVersion = 10.0.40219.1
Project("{FAE04EC0-301F-11D3-BF4B-00C04F79EFBC}") = "Gift Of The Givers Web App", "Gift Of The Givers Web App.csproj", "{169587CF-1399-47CA-89D9-9BB71B04B785}"
EndProject
Project("{FAE04EC0-301F-11D3-BF4B-00C04F79EFBC}") = "GiftOfGivers.UnitTests", "GiftOfGivers.UnitTests.csproj", "{B35E2822-AC3D-42AC-A5A0-FCCD01A6856F}"
EndProject
Project("{FAE04EC0-301F-11D3-BF4B-00C04F79EFBC}") = "GiftOfGiversUI.UITests", "GiftOfGiversUI.UITests.csproj", "{892AE70F-298A-42FC-ADAB-AD36E03B73A5}"
EndProject
Global
	GlobalSection(SolutionConfigurationPlatforms) = preSolution
		Debug|Any CPU = Debug|Any CPU
		Release|Any CPU = Release|Any CPU
	EndGlobalSection
	GlobalSection(ProjectConfigurationPlatforms) = postSolution
		{169587CF-1399-47CA-89D9-9BB71B04B785}.Debug|Any CPU.ActiveCfg = Debug|Any CPU
		{169587CF-1399-47CA-89D9-9BB71B04B785}.Debug|Any CPU.Build.0 = Debug|Any CPU
		{169587CF-1399-47CA-89D9-9BB71B04B785}.Release|Any CPU.ActiveCfg = Release|Any CPU
		{169587CF-1399-47CA-89D9-9BB71B04B785}.Release|Any CPU.Build.0 = Release|Any CPU
		{B35E2822-AC3D-42AC-A5A0-FCCD01A6856F}.Debug|Any CPU.ActiveCfg = Debug|Any CPU
		{B35E2822-AC3D-42AC-A5A0-FCCD01A6856F}.Debug|Any CPU.Build.0 = Debug|Any CPU
		{B35E2822-AC3D-42AC-A5A0-FCCD01A6856F}.Release|Any CPU.ActiveCfg = Release|Any CPU
		{B35E2822-AC3D-42AC-A5A0-FCCD01A6856F}.Release|Any CPU.Build.0 = Release|Any CPU
		{892AE70F-298A-42FC-ADAB-AD36E03B73A5}.Debug|Any CPU.ActiveCfg = Debug|Any CPU
		{892AE70F-298A-42FC-ADAB-AD36E03B73A5}.Debug|Any CPU.Build.0 = Debug|Any CPU
		{892AE70F-298A-42FC-ADAB-AD36E03B73A5}.Release|Any CPU.ActiveCfg = Release|Any CPU
		{892AE70F-298A-42FC-ADAB-AD36E03B73A5}.Release|Any CPU.Build.0 = Release|Any CPU
	EndGlobalSection
	GlobalSection(SolutionProperties) = preSolution
		HideSolutionNode = FALSE
	EndGlobalSection
	GlobalSection(ExtensibilityGlobals) = postSolution
		SolutionGuid = {C38D5A54-DFD5-4CC4-8D43-47B1DCB974DC}
	EndGlobalSection
EndGlobal
