
Microsoft Visual Studio Solution File, Format Version 12.00
# Visual Studio Version 17
VisualStudioVersion = 17.14.36429.23 d17.14
MinimumVisualStudioVersion = 10.0.40219.1
Project("{FAE04EC0-301F-11D3-BF4B-00C04F79EFBC}") = "Gift Of The Givers Web App", "Gift Of The Givers Web App.csproj", "{169587CF-1399-47CA-89D9-9BB71B04B785}"
EndProject
Global
	GlobalSection(SolutionConfigurationPlatforms) = preSolution
		Debug|Any CPU = Debug|Any CPU
		Release|Any CPU = Release|Any CPU
	EndGlobalSection
	GlobalSection(ProjectConfigurationPlatforms) = postSolution
		{169587CF-1399-47CA-89D9-9BB71B04B785}.Debug|Any CPU.ActiveCfg = Debug|Any CPU
		{169587CF-1399-47CA-89D9-9BB71B04B785}.Debug|Any CPU.Build.0 = Debug|Any CPU
		{169587CF-1399-47CA-89D9-9BB71B04B785}.Release|Any CPU.ActiveCfg = Release|Any CPU
		{169587CF-1399-47CA-89D9-9BB71B04B785}.Release|Any CPU.Build.0 = Release|Any CPU
	EndGlobalSection
	GlobalSection(SolutionProperties) = preSolution
		HideSolutionNode = FALSE
	EndGlobalSection
	GlobalSection(ExtensibilityGlobals) = postSolution
		SolutionGuid = {C38D5A54-DFD5-4CC4-8D43-47B1DCB974DC}
	EndGlobalSection
EndGlobal
