
Microsoft Visual Studio Solution File, Format Version 12.00
# Visual Studio Version 17
VisualStudioVersion = 17.14.36429.23 d17.14
MinimumVisualStudioVersion = 10.0.40219.1
Project("{FAE04EC0-301F-11D3-BF4B-00C04F79EFBC}") = "GiftOfGiversWebApp", "GiftOfGiversWebApp.csproj", "{4A8790D3-3D6B-402F-A194-03C1A66614C1}"
EndProject
Global
	GlobalSection(SolutionConfigurationPlatforms) = preSolution
		Debug|Any CPU = Debug|Any CPU
		Release|Any CPU = Release|Any CPU
	EndGlobalSection
	GlobalSection(ProjectConfigurationPlatforms) = postSolution
		{4A8790D3-3D6B-402F-A194-03C1A66614C1}.Debug|Any CPU.ActiveCfg = Debug|Any CPU
		{4A8790D3-3D6B-402F-A194-03C1A66614C1}.Debug|Any CPU.Build.0 = Debug|Any CPU
		{4A8790D3-3D6B-402F-A194-03C1A66614C1}.Release|Any CPU.ActiveCfg = Release|Any CPU
		{4A8790D3-3D6B-402F-A194-03C1A66614C1}.Release|Any CPU.Build.0 = Release|Any CPU
	EndGlobalSection
	GlobalSection(SolutionProperties) = preSolution
		HideSolutionNode = FALSE
	EndGlobalSection
	GlobalSection(ExtensibilityGlobals) = postSolution
		SolutionGuid = {AAA3E00B-5D33-44BB-92D5-4A7EF058A539}
	EndGlobalSection
EndGlobal
